// !$*UTF8*$!
{
	archiveVersion = 1;
	classes = {
	};
	objectVersion = 46;
	objects = {

/* Begin PBXBuildFile section */
		C2B1805A1C177A0400202244 /* Bolts.framework in Frameworks */ = {isa = PBXBuildFile; fileRef = C2B180581C177A0400202244 /* Bolts.framework */; };
		C2B1805B1C177A0400202244 /* Parse.framework in Frameworks */ = {isa = PBXBuildFile; fileRef = C2B180591C177A0400202244 /* Parse.framework */; };
		C2BEA7DE1C176F5700DFE3A1 /* AppDelegate.swift in Sources */ = {isa = PBXBuildFile; fileRef = C2BEA7DD1C176F5700DFE3A1 /* AppDelegate.swift */; };
		C2BEA7E01C176F5700DFE3A1 /* ViewController.swift in Sources */ = {isa = PBXBuildFile; fileRef = C2BEA7DF1C176F5700DFE3A1 /* ViewController.swift */; };
		C2BEA7E31C176F5700DFE3A1 /* Main.storyboard in Resources */ = {isa = PBXBuildFile; fileRef = C2BEA7E11C176F5700DFE3A1 /* Main.storyboard */; };
		C2BEA7E51C176F5700DFE3A1 /* Assets.xcassets in Resources */ = {isa = PBXBuildFile; fileRef = C2BEA7E41C176F5700DFE3A1 /* Assets.xcassets */; };
		C2BEA7E81C176F5700DFE3A1 /* LaunchScreen.storyboard in Resources */ = {isa = PBXBuildFile; fileRef = C2BEA7E61C176F5700DFE3A1 /* LaunchScreen.storyboard */; };
		C2BEA7F31C176F5700DFE3A1 /* WannaPingTests.swift in Sources */ = {isa = PBXBuildFile; fileRef = C2BEA7F21C176F5700DFE3A1 /* WannaPingTests.swift */; };
		C2BEA7FE1C176F5800DFE3A1 /* WannaPingUITests.swift in Sources */ = {isa = PBXBuildFile; fileRef = C2BEA7FD1C176F5800DFE3A1 /* WannaPingUITests.swift */; };
		C2F2DD7A1C177A3D00BB8921 /* AudioToolbox.framework in Frameworks */ = {isa = PBXBuildFile; fileRef = C2BEA8101C1778B600DFE3A1 /* AudioToolbox.framework */; };
		C2F2DD7B1C177A4F00BB8921 /* CoreGraphics.framework in Frameworks */ = {isa = PBXBuildFile; fileRef = C2BEA8121C1778B600DFE3A1 /* CoreGraphics.framework */; };
		C2F2DD7C1C177A6400BB8921 /* libsqlite3.tbd in Frameworks */ = {isa = PBXBuildFile; fileRef = C2BEA8141C1778B600DFE3A1 /* libsqlite3.tbd */; };
		C2F2DD7D1C177A6C00BB8921 /* CoreLocation.framework in Frameworks */ = {isa = PBXBuildFile; fileRef = C2BEA8131C1778B600DFE3A1 /* CoreLocation.framework */; };
		C2F2DD7E1C177A7400BB8921 /* libz.tbd in Frameworks */ = {isa = PBXBuildFile; fileRef = C2BEA8151C1778B600DFE3A1 /* libz.tbd */; };
		C2F2DD7F1C177A7B00BB8921 /* QuartzCore.framework in Frameworks */ = {isa = PBXBuildFile; fileRef = C2BEA8161C1778B600DFE3A1 /* QuartzCore.framework */; };
		C2F2DD801C177A9400BB8921 /* CFNetwork.framework in Frameworks */ = {isa = PBXBuildFile; fileRef = C2BEA8111C1778B600DFE3A1 /* CFNetwork.framework */; };
		C2F2DD811C177AA200BB8921 /* Security.framework in Frameworks */ = {isa = PBXBuildFile; fileRef = C2BEA8171C1778B600DFE3A1 /* Security.framework */; };
		C2F2DD821C177AA800BB8921 /* StoreKit.framework in Frameworks */ = {isa = PBXBuildFile; fileRef = C2BEA8181C1778B600DFE3A1 /* StoreKit.framework */; };
/* End PBXBuildFile section */

/* Begin PBXContainerItemProxy section */
		C2BEA7EF1C176F5700DFE3A1 /* PBXContainerItemProxy */ = {
			isa = PBXContainerItemProxy;
			containerPortal = C2BEA7D21C176F5700DFE3A1 /* Project object */;
			proxyType = 1;
			remoteGlobalIDString = C2BEA7D91C176F5700DFE3A1;
			remoteInfo = WannaPing;
		};
		C2BEA7FA1C176F5700DFE3A1 /* PBXContainerItemProxy */ = {
			isa = PBXContainerItemProxy;
			containerPortal = C2BEA7D21C176F5700DFE3A1 /* Project object */;
			proxyType = 1;
			remoteGlobalIDString = C2BEA7D91C176F5700DFE3A1;
			remoteInfo = WannaPing;
		};
/* End PBXContainerItemProxy section */

/* Begin PBXFileReference section */
		C2B180581C177A0400202244 /* Bolts.framework */ = {isa = PBXFileReference; lastKnownFileType = wrapper.framework; name = Bolts.framework; path = "../../Downloads/parse-library-1-2/Bolts.framework"; sourceTree = "<group>"; };
		C2B180591C177A0400202244 /* Parse.framework */ = {isa = PBXFileReference; lastKnownFileType = wrapper.framework; name = Parse.framework; path = "../../Downloads/parse-library-1-2/Parse.framework"; sourceTree = "<group>"; };
		C2BEA7DA1C176F5700DFE3A1 /* WannaPing.app */ = {isa = PBXFileReference; explicitFileType = wrapper.application; includeInIndex = 0; path = WannaPing.app; sourceTree = BUILT_PRODUCTS_DIR; };
		C2BEA7DD1C176F5700DFE3A1 /* AppDelegate.swift */ = {isa = PBXFileReference; lastKnownFileType = sourcecode.swift; path = AppDelegate.swift; sourceTree = "<group>"; };
		C2BEA7DF1C176F5700DFE3A1 /* ViewController.swift */ = {isa = PBXFileReference; lastKnownFileType = sourcecode.swift; path = ViewController.swift; sourceTree = "<group>"; };
		C2BEA7E21C176F5700DFE3A1 /* Base */ = {isa = PBXFileReference; lastKnownFileType = file.storyboard; name = Base; path = Base.lproj/Main.storyboard; sourceTree = "<group>"; };
		C2BEA7E41C176F5700DFE3A1 /* Assets.xcassets */ = {isa = PBXFileReference; lastKnownFileType = folder.assetcatalog; path = Assets.xcassets; sourceTree = "<group>"; };
		C2BEA7E71C176F5700DFE3A1 /* Base */ = {isa = PBXFileReference; lastKnownFileType = file.storyboard; name = Base; path = Base.lproj/LaunchScreen.storyboard; sourceTree = "<group>"; };
		C2BEA7E91C176F5700DFE3A1 /* Info.plist */ = {isa = PBXFileReference; lastKnownFileType = text.plist.xml; path = Info.plist; sourceTree = "<group>"; };
		C2BEA7EE1C176F5700DFE3A1 /* WannaPingTests.xctest */ = {isa = PBXFileReference; explicitFileType = wrapper.cfbundle; includeInIndex = 0; path = WannaPingTests.xctest; sourceTree = BUILT_PRODUCTS_DIR; };
		C2BEA7F21C176F5700DFE3A1 /* WannaPingTests.swift */ = {isa = PBXFileReference; lastKnownFileType = sourcecode.swift; path = WannaPingTests.swift; sourceTree = "<group>"; };
		C2BEA7F41C176F5700DFE3A1 /* Info.plist */ = {isa = PBXFileReference; lastKnownFileType = text.plist.xml; path = Info.plist; sourceTree = "<group>"; };
		C2BEA7F91C176F5700DFE3A1 /* WannaPingUITests.xctest */ = {isa = PBXFileReference; explicitFileType = wrapper.cfbundle; includeInIndex = 0; path = WannaPingUITests.xctest; sourceTree = BUILT_PRODUCTS_DIR; };
		C2BEA7FD1C176F5800DFE3A1 /* WannaPingUITests.swift */ = {isa = PBXFileReference; lastKnownFileType = sourcecode.swift; path = WannaPingUITests.swift; sourceTree = "<group>"; };
		C2BEA7FF1C176F5800DFE3A1 /* Info.plist */ = {isa = PBXFileReference; lastKnownFileType = text.plist.xml; path = Info.plist; sourceTree = "<group>"; };
		C2BEA8101C1778B600DFE3A1 /* AudioToolbox.framework */ = {isa = PBXFileReference; lastKnownFileType = wrapper.framework; name = AudioToolbox.framework; path = System/Library/Frameworks/AudioToolbox.framework; sourceTree = SDKROOT; };
		C2BEA8111C1778B600DFE3A1 /* CFNetwork.framework */ = {isa = PBXFileReference; lastKnownFileType = wrapper.framework; name = CFNetwork.framework; path = System/Library/Frameworks/CFNetwork.framework; sourceTree = SDKROOT; };
		C2BEA8121C1778B600DFE3A1 /* CoreGraphics.framework */ = {isa = PBXFileReference; lastKnownFileType = wrapper.framework; name = CoreGraphics.framework; path = System/Library/Frameworks/CoreGraphics.framework; sourceTree = SDKROOT; };
		C2BEA8131C1778B600DFE3A1 /* CoreLocation.framework */ = {isa = PBXFileReference; lastKnownFileType = wrapper.framework; name = CoreLocation.framework; path = System/Library/Frameworks/CoreLocation.framework; sourceTree = SDKROOT; };
		C2BEA8141C1778B600DFE3A1 /* libsqlite3.tbd */ = {isa = PBXFileReference; lastKnownFileType = "sourcecode.text-based-dylib-definition"; name = libsqlite3.tbd; path = usr/lib/libsqlite3.tbd; sourceTree = SDKROOT; };
		C2BEA8151C1778B600DFE3A1 /* libz.tbd */ = {isa = PBXFileReference; lastKnownFileType = "sourcecode.text-based-dylib-definition"; name = libz.tbd; path = usr/lib/libz.tbd; sourceTree = SDKROOT; };
		C2BEA8161C1778B600DFE3A1 /* QuartzCore.framework */ = {isa = PBXFileReference; lastKnownFileType = wrapper.framework; name = QuartzCore.framework; path = System/Library/Frameworks/QuartzCore.framework; sourceTree = SDKROOT; };
		C2BEA8171C1778B600DFE3A1 /* Security.framework */ = {isa = PBXFileReference; lastKnownFileType = wrapper.framework; name = Security.framework; path = System/Library/Frameworks/Security.framework; sourceTree = SDKROOT; };
		C2BEA8181C1778B600DFE3A1 /* StoreKit.framework */ = {isa = PBXFileReference; lastKnownFileType = wrapper.framework; name = StoreKit.framework; path = System/Library/Frameworks/StoreKit.framework; sourceTree = SDKROOT; };
		C2BEA8191C1778B600DFE3A1 /* SystemConfiguration.framework */ = {isa = PBXFileReference; lastKnownFileType = wrapper.framework; name = SystemConfiguration.framework; path = System/Library/Frameworks/SystemConfiguration.framework; sourceTree = SDKROOT; };
/* End PBXFileReference section */

/* Begin PBXFrameworksBuildPhase section */
		C2BEA7D71C176F5700DFE3A1 /* Frameworks */ = {
			isa = PBXFrameworksBuildPhase;
			buildActionMask = 2147483647;
			files = (
				C2F2DD821C177AA800BB8921 /* StoreKit.framework in Frameworks */,
				C2F2DD811C177AA200BB8921 /* Security.framework in Frameworks */,
				C2F2DD801C177A9400BB8921 /* CFNetwork.framework in Frameworks */,
				C2F2DD7F1C177A7B00BB8921 /* QuartzCore.framework in Frameworks */,
				C2F2DD7E1C177A7400BB8921 /* libz.tbd in Frameworks */,
				C2F2DD7D1C177A6C00BB8921 /* CoreLocation.framework in Frameworks */,
				C2F2DD7C1C177A6400BB8921 /* libsqlite3.tbd in Frameworks */,
				C2F2DD7B1C177A4F00BB8921 /* CoreGraphics.framework in Frameworks */,
				C2F2DD7A1C177A3D00BB8921 /* AudioToolbox.framework in Frameworks */,
				C2B1805A1C177A0400202244 /* Bolts.framework in Frameworks */,
				C2B1805B1C177A0400202244 /* Parse.framework in Frameworks */,
			);
			runOnlyForDeploymentPostprocessing = 0;
		};
		C2BEA7EB1C176F5700DFE3A1 /* Frameworks */ = {
			isa = PBXFrameworksBuildPhase;
			buildActionMask = 2147483647;
			files = (
			);
			runOnlyForDeploymentPostprocessing = 0;
		};
		C2BEA7F61C176F5700DFE3A1 /* Frameworks */ = {
			isa = PBXFrameworksBuildPhase;
			buildActionMask = 2147483647;
			files = (
			);
			runOnlyForDeploymentPostprocessing = 0;
		};
/* End PBXFrameworksBuildPhase section */

/* Begin PBXGroup section */
		C2BEA7D11C176F5700DFE3A1 = {
			isa = PBXGroup;
			children = (
				C2BEA80B1C1777BC00DFE3A1 /* Frameworks */,
				C2BEA7DC1C176F5700DFE3A1 /* WannaPing */,
				C2BEA7F11C176F5700DFE3A1 /* WannaPingTests */,
				C2BEA7FC1C176F5800DFE3A1 /* WannaPingUITests */,
				C2BEA7DB1C176F5700DFE3A1 /* Products */,
			);
			sourceTree = "<group>";
		};
		C2BEA7DB1C176F5700DFE3A1 /* Products */ = {
			isa = PBXGroup;
			children = (
				C2BEA7DA1C176F5700DFE3A1 /* WannaPing.app */,
				C2BEA7EE1C176F5700DFE3A1 /* WannaPingTests.xctest */,
				C2BEA7F91C176F5700DFE3A1 /* WannaPingUITests.xctest */,
			);
			name = Products;
			sourceTree = "<group>";
		};
		C2BEA7DC1C176F5700DFE3A1 /* WannaPing */ = {
			isa = PBXGroup;
			children = (
				C2BEA7DD1C176F5700DFE3A1 /* AppDelegate.swift */,
				C2BEA7DF1C176F5700DFE3A1 /* ViewController.swift */,
				C2BEA7E11C176F5700DFE3A1 /* Main.storyboard */,
				C2BEA7E41C176F5700DFE3A1 /* Assets.xcassets */,
				C2BEA7E61C176F5700DFE3A1 /* LaunchScreen.storyboard */,
				C2BEA7E91C176F5700DFE3A1 /* Info.plist */,
			);
			path = WannaPing;
			sourceTree = "<group>";
		};
		C2BEA7F11C176F5700DFE3A1 /* WannaPingTests */ = {
			isa = PBXGroup;
			children = (
				C2BEA7F21C176F5700DFE3A1 /* WannaPingTests.swift */,
				C2BEA7F41C176F5700DFE3A1 /* Info.plist */,
			);
			path = WannaPingTests;
			sourceTree = "<group>";
		};
		C2BEA7FC1C176F5800DFE3A1 /* WannaPingUITests */ = {
			isa = PBXGroup;
			children = (
				C2BEA7FD1C176F5800DFE3A1 /* WannaPingUITests.swift */,
				C2BEA7FF1C176F5800DFE3A1 /* Info.plist */,
			);
			path = WannaPingUITests;
			sourceTree = "<group>";
		};
		C2BEA80B1C1777BC00DFE3A1 /* Frameworks */ = {
			isa = PBXGroup;
			children = (
				C2B180581C177A0400202244 /* Bolts.framework */,
				C2B180591C177A0400202244 /* Parse.framework */,
				C2BEA8101C1778B600DFE3A1 /* AudioToolbox.framework */,
				C2BEA8111C1778B600DFE3A1 /* CFNetwork.framework */,
				C2BEA8121C1778B600DFE3A1 /* CoreGraphics.framework */,
				C2BEA8131C1778B600DFE3A1 /* CoreLocation.framework */,
				C2BEA8141C1778B600DFE3A1 /* libsqlite3.tbd */,
				C2BEA8151C1778B600DFE3A1 /* libz.tbd */,
				C2BEA8161C1778B600DFE3A1 /* QuartzCore.framework */,
				C2BEA8171C1778B600DFE3A1 /* Security.framework */,
				C2BEA8181C1778B600DFE3A1 /* StoreKit.framework */,
				C2BEA8191C1778B600DFE3A1 /* SystemConfiguration.framework */,
			);
			name = Frameworks;
			sourceTree = "<group>";
		};
/* End PBXGroup section */

/* Begin PBXNativeTarget section */
		C2BEA7D91C176F5700DFE3A1 /* WannaPing */ = {
			isa = PBXNativeTarget;
			buildConfigurationList = C2BEA8021C176F5800DFE3A1 /* Build configuration list for PBXNativeTarget "WannaPing" */;
			buildPhases = (
				C2BEA7D61C176F5700DFE3A1 /* Sources */,
				C2BEA7D71C176F5700DFE3A1 /* Frameworks */,
				C2BEA7D81C176F5700DFE3A1 /* Resources */,
			);
			buildRules = (
			);
			dependencies = (
			);
			name = WannaPing;
			productName = WannaPing;
			productReference = C2BEA7DA1C176F5700DFE3A1 /* WannaPing.app */;
			productType = "com.apple.product-type.application";
		};
		C2BEA7ED1C176F5700DFE3A1 /* WannaPingTests */ = {
			isa = PBXNativeTarget;
			buildConfigurationList = C2BEA8051C176F5800DFE3A1 /* Build configuration list for PBXNativeTarget "WannaPingTests" */;
			buildPhases = (
				C2BEA7EA1C176F5700DFE3A1 /* Sources */,
				C2BEA7EB1C176F5700DFE3A1 /* Frameworks */,
				C2BEA7EC1C176F5700DFE3A1 /* Resources */,
			);
			buildRules = (
			);
			dependencies = (
				C2BEA7F01C176F5700DFE3A1 /* PBXTargetDependency */,
			);
			name = WannaPingTests;
			productName = WannaPingTests;
			productReference = C2BEA7EE1C176F5700DFE3A1 /* WannaPingTests.xctest */;
			productType = "com.apple.product-type.bundle.unit-test";
		};
		C2BEA7F81C176F5700DFE3A1 /* WannaPingUITests */ = {
			isa = PBXNativeTarget;
			buildConfigurationList = C2BEA8081C176F5800DFE3A1 /* Build configuration list for PBXNativeTarget "WannaPingUITests" */;
			buildPhases = (
				C2BEA7F51C176F5700DFE3A1 /* Sources */,
				C2BEA7F61C176F5700DFE3A1 /* Frameworks */,
				C2BEA7F71C176F5700DFE3A1 /* Resources */,
			);
			buildRules = (
			);
			dependencies = (
				C2BEA7FB1C176F5700DFE3A1 /* PBXTargetDependency */,
			);
			name = WannaPingUITests;
			productName = WannaPingUITests;
			productReference = C2BEA7F91C176F5700DFE3A1 /* WannaPingUITests.xctest */;
			productType = "com.apple.product-type.bundle.ui-testing";
		};
/* End PBXNativeTarget section */

/* Begin PBXProject section */
		C2BEA7D21C176F5700DFE3A1 /* Project object */ = {
			isa = PBXProject;
			attributes = {
				LastSwiftUpdateCheck = 0710;
				LastUpgradeCheck = 0710;
				ORGANIZATIONNAME = AMTAK;
				TargetAttributes = {
					C2BEA7D91C176F5700DFE3A1 = {
						CreatedOnToolsVersion = 7.1.1;
					};
					C2BEA7ED1C176F5700DFE3A1 = {
						CreatedOnToolsVersion = 7.1.1;
						TestTargetID = C2BEA7D91C176F5700DFE3A1;
					};
					C2BEA7F81C176F5700DFE3A1 = {
						CreatedOnToolsVersion = 7.1.1;
						TestTargetID = C2BEA7D91C176F5700DFE3A1;
					};
				};
			};
			buildConfigurationList = C2BEA7D51C176F5700DFE3A1 /* Build configuration list for PBXProject "WannaPing" */;
			compatibilityVersion = "Xcode 3.2";
			developmentRegion = English;
			hasScannedForEncodings = 0;
			knownRegions = (
				en,
				Base,
			);
			mainGroup = C2BEA7D11C176F5700DFE3A1;
			productRefGroup = C2BEA7DB1C176F5700DFE3A1 /* Products */;
			projectDirPath = "";
			projectRoot = "";
			targets = (
				C2BEA7D91C176F5700DFE3A1 /* WannaPing */,
				C2BEA7ED1C176F5700DFE3A1 /* WannaPingTests */,
				C2BEA7F81C176F5700DFE3A1 /* WannaPingUITests */,
			);
		};
/* End PBXProject section */

/* Begin PBXResourcesBuildPhase section */
		C2BEA7D81C176F5700DFE3A1 /* Resources */ = {
			isa = PBXResourcesBuildPhase;
			buildActionMask = 2147483647;
			files = (
				C2BEA7E81C176F5700DFE3A1 /* LaunchScreen.storyboard in Resources */,
				C2BEA7E51C176F5700DFE3A1 /* Assets.xcassets in Resources */,
				C2BEA7E31C176F5700DFE3A1 /* Main.storyboard in Resources */,
			);
			runOnlyForDeploymentPostprocessing = 0;
		};
		C2BEA7EC1C176F5700DFE3A1 /* Resources */ = {
			isa = PBXResourcesBuildPhase;
			buildActionMask = 2147483647;
			files = (
			);
			runOnlyForDeploymentPostprocessing = 0;
		};
		C2BEA7F71C176F5700DFE3A1 /* Resources */ = {
			isa = PBXResourcesBuildPhase;
			buildActionMask = 2147483647;
			files = (
			);
			runOnlyForDeploymentPostprocessing = 0;
		};
/* End PBXResourcesBuildPhase section */

/* Begin PBXSourcesBuildPhase section */
		C2BEA7D61C176F5700DFE3A1 /* Sources */ = {
			isa = PBXSourcesBuildPhase;
			buildActionMask = 2147483647;
			files = (
				C2BEA7E01C176F5700DFE3A1 /* ViewController.swift in Sources */,
				C2BEA7DE1C176F5700DFE3A1 /* AppDelegate.swift in Sources */,
			);
			runOnlyForDeploymentPostprocessing = 0;
		};
		C2BEA7EA1C176F5700DFE3A1 /* Sources */ = {
			isa = PBXSourcesBuildPhase;
			buildActionMask = 2147483647;
			files = (
				C2BEA7F31C176F5700DFE3A1 /* WannaPingTests.swift in Sources */,
			);
			runOnlyForDeploymentPostprocessing = 0;
		};
		C2BEA7F51C176F5700DFE3A1 /* Sources */ = {
			isa = PBXSourcesBuildPhase;
			buildActionMask = 2147483647;
			files = (
				C2BEA7FE1C176F5800DFE3A1 /* WannaPingUITests.swift in Sources */,
			);
			runOnlyForDeploymentPostprocessing = 0;
		};
/* End PBXSourcesBuildPhase section */

/* Begin PBXTargetDependency section */
		C2BEA7F01C176F5700DFE3A1 /* PBXTargetDependency */ = {
			isa = PBXTargetDependency;
			target = C2BEA7D91C176F5700DFE3A1 /* WannaPing */;
			targetProxy = C2BEA7EF1C176F5700DFE3A1 /* PBXContainerItemProxy */;
		};
		C2BEA7FB1C176F5700DFE3A1 /* PBXTargetDependency */ = {
			isa = PBXTargetDependency;
			target = C2BEA7D91C176F5700DFE3A1 /* WannaPing */;
			targetProxy = C2BEA7FA1C176F5700DFE3A1 /* PBXContainerItemProxy */;
		};
/* End PBXTargetDependency section */

/* Begin PBXVariantGroup section */
		C2BEA7E11C176F5700DFE3A1 /* Main.storyboard */ = {
			isa = PBXVariantGroup;
			children = (
				C2BEA7E21C176F5700DFE3A1 /* Base */,
			);
			name = Main.storyboard;
			sourceTree = "<group>";
		};
		C2BEA7E61C176F5700DFE3A1 /* LaunchScreen.storyboard */ = {
			isa = PBXVariantGroup;
			children = (
				C2BEA7E71C176F5700DFE3A1 /* Base */,
			);
			name = LaunchScreen.storyboard;
			sourceTree = "<group>";
		};
/* End PBXVariantGroup section */

/* Begin XCBuildConfiguration section */
		C2BEA8001C176F5800DFE3A1 /* Debug */ = {
			isa = XCBuildConfiguration;
			buildSettings = {
				ALWAYS_SEARCH_USER_PATHS = NO;
				CLANG_CXX_LANGUAGE_STANDARD = "gnu++0x";
				CLANG_CXX_LIBRARY = "libc++";
				CLANG_ENABLE_MODULES = YES;
				CLANG_ENABLE_OBJC_ARC = YES;
				CLANG_WARN_BOOL_CONVERSION = YES;
				CLANG_WARN_CONSTANT_CONVERSION = YES;
				CLANG_WARN_DIRECT_OBJC_ISA_USAGE = YES_ERROR;
				CLANG_WARN_EMPTY_BODY = YES;
				CLANG_WARN_ENUM_CONVERSION = YES;
				CLANG_WARN_INT_CONVERSION = YES;
				CLANG_WARN_OBJC_ROOT_CLASS = YES_ERROR;
				CLANG_WARN_UNREACHABLE_CODE = YES;
				CLANG_WARN__DUPLICATE_METHOD_MATCH = YES;
				"CODE_SIGN_IDENTITY[sdk=iphoneos*]" = "iPhone Developer";
				COPY_PHASE_STRIP = NO;
				DEBUG_INFORMATION_FORMAT = dwarf;
				ENABLE_STRICT_OBJC_MSGSEND = YES;
				ENABLE_TESTABILITY = YES;
				GCC_C_LANGUAGE_STANDARD = gnu99;
				GCC_DYNAMIC_NO_PIC = NO;
				GCC_NO_COMMON_BLOCKS = YES;
				GCC_OPTIMIZATION_LEVEL = 0;
				GCC_PREPROCESSOR_DEFINITIONS = (
					"DEBUG=1",
					"$(inherited)",
				);
				GCC_WARN_64_TO_32_BIT_CONVERSION = YES;
				GCC_WARN_ABOUT_RETURN_TYPE = YES_ERROR;
				GCC_WARN_UNDECLARED_SELECTOR = YES;
				GCC_WARN_UNINITIALIZED_AUTOS = YES_AGGRESSIVE;
				GCC_WARN_UNUSED_FUNCTION = YES;
				GCC_WARN_UNUSED_VARIABLE = YES;
				IPHONEOS_DEPLOYMENT_TARGET = 9.1;
				MTL_ENABLE_DEBUG_INFO = YES;
				ONLY_ACTIVE_ARCH = YES;
				SDKROOT = iphoneos;
				SWIFT_OPTIMIZATION_LEVEL = "-Onone";
			};
			name = Debug;
		};
		C2BEA8011C176F5800DFE3A1 /* Release */ = {
			isa = XCBuildConfiguration;
			buildSettings = {
				ALWAYS_SEARCH_USER_PATHS = NO;
				CLANG_CXX_LANGUAGE_STANDARD = "gnu++0x";
				CLANG_CXX_LIBRARY = "libc++";
				CLANG_ENABLE_MODULES = YES;
				CLANG_ENABLE_OBJC_ARC = YES;
				CLANG_WARN_BOOL_CONVERSION = YES;
				CLANG_WARN_CONSTANT_CONVERSION = YES;
				CLANG_WARN_DIRECT_OBJC_ISA_USAGE = YES_ERROR;
				CLANG_WARN_EMPTY_BODY = YES;
				CLANG_WARN_ENUM_CONVERSION = YES;
				CLANG_WARN_INT_CONVERSION = YES;
				CLANG_WARN_OBJC_ROOT_CLASS = YES_ERROR;
				CLANG_WARN_UNREACHABLE_CODE = YES;
				CLANG_WARN__DUPLICATE_METHOD_MATCH = YES;
				"CODE_SIGN_IDENTITY[sdk=iphoneos*]" = "iPhone Developer";
				COPY_PHASE_STRIP = NO;
				DEBUG_INFORMATION_FORMAT = "dwarf-with-dsym";
				ENABLE_NS_ASSERTIONS = NO;
				ENABLE_STRICT_OBJC_MSGSEND = YES;
				GCC_C_LANGUAGE_STANDARD = gnu99;
				GCC_NO_COMMON_BLOCKS = YES;
				GCC_WARN_64_TO_32_BIT_CONVERSION = YES;
				GCC_WARN_ABOUT_RETURN_TYPE = YES_ERROR;
				GCC_WARN_UNDECLARED_SELECTOR = YES;
				GCC_WARN_UNINITIALIZED_AUTOS = YES_AGGRESSIVE;
				GCC_WARN_UNUSED_FUNCTION = YES;
				GCC_WARN_UNUSED_VARIABLE = YES;
				IPHONEOS_DEPLOYMENT_TARGET = 9.1;
				MTL_ENABLE_DEBUG_INFO = NO;
				SDKROOT = iphoneos;
				VALIDATE_PRODUCT = YES;
			};
			name = Release;
		};
		C2BEA8031C176F5800DFE3A1 /* Debug */ = {
			isa = XCBuildConfiguration;
			buildSettings = {
				ASSETCATALOG_COMPILER_APPICON_NAME = AppIcon;
				FRAMEWORK_SEARCH_PATHS = (
					"$(inherited)",
					"$(PROJECT_DIR)",
				);
				INFOPLIST_FILE = WannaPing/Info.plist;
				LD_RUNPATH_SEARCH_PATHS = "$(inherited) @executable_path/Frameworks";
				PRODUCT_BUNDLE_IDENTIFIER = com.AMTAK.WannaPing;
				PRODUCT_NAME = "$(TARGET_NAME)";
			};
			name = Debug;
		};
		C2BEA8041C176F5800DFE3A1 /* Release */ = {
			isa = XCBuildConfiguration;
			buildSettings = {
				ASSETCATALOG_COMPILER_APPICON_NAME = AppIcon;
				FRAMEWORK_SEARCH_PATHS = (
					"$(inherited)",
					"$(PROJECT_DIR)",
				);
				INFOPLIST_FILE = WannaPing/Info.plist;
				LD_RUNPATH_SEARCH_PATHS = "$(inherited) @executable_path/Frameworks";
				PRODUCT_BUNDLE_IDENTIFIER = com.AMTAK.WannaPing;
				PRODUCT_NAME = "$(TARGET_NAME)";
			};
			name = Release;
		};
		C2BEA8061C176F5800DFE3A1 /* Debug */ = {
			isa = XCBuildConfiguration;
			buildSettings = {
				BUNDLE_LOADER = "$(TEST_HOST)";
				INFOPLIST_FILE = WannaPingTests/Info.plist;
				LD_RUNPATH_SEARCH_PATHS = "$(inherited) @executable_path/Frameworks @loader_path/Frameworks";
				PRODUCT_BUNDLE_IDENTIFIER = com.AMTAK.WannaPingTests;
				PRODUCT_NAME = "$(TARGET_NAME)";
				TEST_HOST = "$(BUILT_PRODUCTS_DIR)/WannaPing.app/WannaPing";
			};
			name = Debug;
		};
		C2BEA8071C176F5800DFE3A1 /* Release */ = {
			isa = XCBuildConfiguration;
			buildSettings = {
				BUNDLE_LOADER = "$(TEST_HOST)";
				INFOPLIST_FILE = WannaPingTests/Info.plist;
				LD_RUNPATH_SEARCH_PATHS = "$(inherited) @executable_path/Frameworks @loader_path/Frameworks";
				PRODUCT_BUNDLE_IDENTIFIER = com.AMTAK.WannaPingTests;
				PRODUCT_NAME = "$(TARGET_NAME)";
				TEST_HOST = "$(BUILT_PRODUCTS_DIR)/WannaPing.app/WannaPing";
			};
			name = Release;
		};
		C2BEA8091C176F5800DFE3A1 /* Debug */ = {
			isa = XCBuildConfiguration;
			buildSettings = {
				INFOPLIST_FILE = WannaPingUITests/Info.plist;
				LD_RUNPATH_SEARCH_PATHS = "$(inherited) @executable_path/Frameworks @loader_path/Frameworks";
				PRODUCT_BUNDLE_IDENTIFIER = com.AMTAK.WannaPingUITests;
				PRODUCT_NAME = "$(TARGET_NAME)";
				TEST_TARGET_NAME = WannaPing;
				USES_XCTRUNNER = YES;
			};
			name = Debug;
		};
		C2BEA80A1C176F5800DFE3A1 /* Release */ = {
			isa = XCBuildConfiguration;
			buildSettings = {
				INFOPLIST_FILE = WannaPingUITests/Info.plist;
				LD_RUNPATH_SEARCH_PATHS = "$(inherited) @executable_path/Frameworks @loader_path/Frameworks";
				PRODUCT_BUNDLE_IDENTIFIER = com.AMTAK.WannaPingUITests;
				PRODUCT_NAME = "$(TARGET_NAME)";
				TEST_TARGET_NAME = WannaPing;
				USES_XCTRUNNER = YES;
			};
			name = Release;
		};
/* End XCBuildConfiguration section */

/* Begin XCConfigurationList section */
		C2BEA7D51C176F5700DFE3A1 /* Build configuration list for PBXProject "WannaPing" */ = {
			isa = XCConfigurationList;
			buildConfigurations = (
				C2BEA8001C176F5800DFE3A1 /* Debug */,
				C2BEA8011C176F5800DFE3A1 /* Release */,
			);
			defaultConfigurationIsVisible = 0;
			defaultConfigurationName = Release;
		};
		C2BEA8021C176F5800DFE3A1 /* Build configuration list for PBXNativeTarget "WannaPing" */ = {
			isa = XCConfigurationList;
			buildConfigurations = (
				C2BEA8031C176F5800DFE3A1 /* Debug */,
				C2BEA8041C176F5800DFE3A1 /* Release */,
			);
			defaultConfigurationIsVisible = 0;
			defaultConfigurationName = Release;
		};
		C2BEA8051C176F5800DFE3A1 /* Build configuration list for PBXNativeTarget "WannaPingTests" */ = {
			isa = XCConfigurationList;
			buildConfigurations = (
				C2BEA8061C176F5800DFE3A1 /* Debug */,
				C2BEA8071C176F5800DFE3A1 /* Release */,
			);
			defaultConfigurationIsVisible = 0;
			defaultConfigurationName = Release;
		};
		C2BEA8081C176F5800DFE3A1 /* Build configuration list for PBXNativeTarget "WannaPingUITests" */ = {
			isa = XCConfigurationList;
			buildConfigurations = (
				C2BEA8091C176F5800DFE3A1 /* Debug */,
				C2BEA80A1C176F5800DFE3A1 /* Release */,
			);
			defaultConfigurationIsVisible = 0;
			defaultConfigurationName = Release;
		};
/* End XCConfigurationList section */
	};
	rootObject = C2BEA7D21C176F5700DFE3A1 /* Project object */;
}
